
Microsoft Visual Studio Solution File, Format Version 12.00
# Visual Studio 15
VisualStudioVersion = 15.0.28307.421
MinimumVisualStudioVersion = 10.0.40219.1
Project("{FAE04EC0-301F-11D3-BF4B-00C04F79EFBC}") = "MsmqClientConsole", "MsmqClientConsole\MsmqClientConsole.csproj", "{A8317509-0555-4122-B8D6-DE17E20A5AE7}"
EndProject
Project("{FAE04EC0-301F-11D3-BF4B-00C04F79EFBC}") = "MsmqWebApplication", "MsmqWebApplication\MsmqWebApplication.csproj", "{8701AB5C-37E6-4442-9EA2-4B4D853EFD54}"
EndProject
Project("{FAE04EC0-301F-11D3-BF4B-00C04F79EFBC}") = "MsmqQueueManager", "MsmqQueueManager\MsmqQueueManager.csproj", "{632A0845-CDE2-49ED-957F-3369270EB2BF}"
EndProject
Global
	GlobalSection(SolutionConfigurationPlatforms) = preSolution
		Debug|Any CPU = Debug|Any CPU
		Release|Any CPU = Release|Any CPU
	EndGlobalSection
	GlobalSection(ProjectConfigurationPlatforms) = postSolution
		{A8317509-0555-4122-B8D6-DE17E20A5AE7}.Debug|Any CPU.ActiveCfg = Debug|Any CPU
		{A8317509-0555-4122-B8D6-DE17E20A5AE7}.Debug|Any CPU.Build.0 = Debug|Any CPU
		{A8317509-0555-4122-B8D6-DE17E20A5AE7}.Release|Any CPU.ActiveCfg = Release|Any CPU
		{A8317509-0555-4122-B8D6-DE17E20A5AE7}.Release|Any CPU.Build.0 = Release|Any CPU
		{8701AB5C-37E6-4442-9EA2-4B4D853EFD54}.Debug|Any CPU.ActiveCfg = Debug|Any CPU
		{8701AB5C-37E6-4442-9EA2-4B4D853EFD54}.Debug|Any CPU.Build.0 = Debug|Any CPU
		{8701AB5C-37E6-4442-9EA2-4B4D853EFD54}.Release|Any CPU.ActiveCfg = Release|Any CPU
		{8701AB5C-37E6-4442-9EA2-4B4D853EFD54}.Release|Any CPU.Build.0 = Release|Any CPU
		{632A0845-CDE2-49ED-957F-3369270EB2BF}.Debug|Any CPU.ActiveCfg = Debug|Any CPU
		{632A0845-CDE2-49ED-957F-3369270EB2BF}.Debug|Any CPU.Build.0 = Debug|Any CPU
		{632A0845-CDE2-49ED-957F-3369270EB2BF}.Release|Any CPU.ActiveCfg = Release|Any CPU
		{632A0845-CDE2-49ED-957F-3369270EB2BF}.Release|Any CPU.Build.0 = Release|Any CPU
	EndGlobalSection
	GlobalSection(SolutionProperties) = preSolution
		HideSolutionNode = FALSE
	EndGlobalSection
	GlobalSection(ExtensibilityGlobals) = postSolution
		SolutionGuid = {319410B8-6321-4C5B-9228-625FCC660D44}
	EndGlobalSection
EndGlobal
